
Microsoft Visual Studio Solution File, Format Version 11.00
# Visual Studio 2010
Project("{FAE04EC0-301F-11D3-BF4B-00C04F79EFBC}") = "UnityEngine.TestRunner", "UnityEngine.TestRunner.csproj", "{5a7aac84-c194-98e0-b6bb-8c223a183ef8}"
EndProject
Project("{FAE04EC0-301F-11D3-BF4B-00C04F79EFBC}") = "Unity.2D.Animation.Triangle.Runtime", "Unity.2D.Animation.Triangle.Runtime.csproj", "{64742690-9e8b-8a5b-e382-371d0c1ca39a}"
EndProject
Project("{FAE04EC0-301F-11D3-BF4B-00C04F79EFBC}") = "UnityEngine.UI", "UnityEngine.UI.csproj", "{aeec8671-80a0-7e4d-1e4c-2ff0a4087efc}"
EndProject
Project("{FAE04EC0-301F-11D3-BF4B-00C04F79EFBC}") = "Unity.TextMeshPro", "Unity.TextMeshPro.csproj", "{2ed177eb-d0ba-691c-f90b-f7065b7de071}"
EndProject
Project("{FAE04EC0-301F-11D3-BF4B-00C04F79EFBC}") = "Unity.2D.Animation.Runtime", "Unity.2D.Animation.Runtime.csproj", "{bba4f223-25ba-9b5e-0ea1-6afa9df27ce4}"
EndProject
Project("{FAE04EC0-301F-11D3-BF4B-00C04F79EFBC}") = "Unity.Timeline", "Unity.Timeline.csproj", "{3c2aded4-1fed-59c5-629b-ee6a9e69b4c7}"
EndProject
Project("{FAE04EC0-301F-11D3-BF4B-00C04F79EFBC}") = "Unity.Mathematics", "Unity.Mathematics.csproj", "{fa3de0ab-764b-52bb-6057-3d85f69c8700}"
EndProject
Project("{FAE04EC0-301F-11D3-BF4B-00C04F79EFBC}") = "Unity.2D.SpriteShape.Runtime", "Unity.2D.SpriteShape.Runtime.csproj", "{0fe40946-576e-269d-a877-e5a8cee037cf}"
EndProject
Project("{FAE04EC0-301F-11D3-BF4B-00C04F79EFBC}") = "Unity.2D.PixelPerfect", "Unity.2D.PixelPerfect.csproj", "{e42d41b3-9621-8455-0bc4-ab978384b273}"
EndProject
Project("{FAE04EC0-301F-11D3-BF4B-00C04F79EFBC}") = "Unity.InternalAPIEngineBridge.001", "Unity.InternalAPIEngineBridge.001.csproj", "{da3ace39-9647-2d60-ded7-1953238e08dd}"
EndProject
Project("{FAE04EC0-301F-11D3-BF4B-00C04F79EFBC}") = "Unity.2D.Common.Runtime", "Unity.2D.Common.Runtime.csproj", "{d5e41334-4ae2-1747-ef07-3d52ae871617}"
EndProject
Project("{FAE04EC0-301F-11D3-BF4B-00C04F79EFBC}") = "Assembly-CSharp", "Assembly-CSharp.csproj", "{1e9f8f10-4515-e49b-140d-13091d618c83}"
EndProject
Project("{FAE04EC0-301F-11D3-BF4B-00C04F79EFBC}") = "Cinemachine", "Cinemachine.csproj", "{b12db45b-f686-5b1d-0398-c73c196d6aca}"
EndProject
Project("{FAE04EC0-301F-11D3-BF4B-00C04F79EFBC}") = "UnityEditor.TestRunner", "UnityEditor.TestRunner.csproj", "{30e1ed4e-2b2c-8ab8-103a-b07be116b115}"
EndProject
Project("{FAE04EC0-301F-11D3-BF4B-00C04F79EFBC}") = "Unity.TextMeshPro.Editor", "Unity.TextMeshPro.Editor.csproj", "{302c2fcc-86f0-f8f2-8d63-0f4565d768ac}"
EndProject
Project("{FAE04EC0-301F-11D3-BF4B-00C04F79EFBC}") = "Unity.Timeline.Editor", "Unity.Timeline.Editor.csproj", "{07cd5e7e-458e-cea6-fe40-4774e574233b}"
EndProject
Project("{FAE04EC0-301F-11D3-BF4B-00C04F79EFBC}") = "Unity.2D.Animation.Editor", "Unity.2D.Animation.Editor.csproj", "{edc86981-3315-c37b-7786-25a651312b95}"
EndProject
Project("{FAE04EC0-301F-11D3-BF4B-00C04F79EFBC}") = "Unity.2D.Path.Editor", "Unity.2D.Path.Editor.csproj", "{e8d1bf40-e033-64a5-90b5-e329c5213075}"
EndProject
Project("{FAE04EC0-301F-11D3-BF4B-00C04F79EFBC}") = "Unity.2D.Sprite.Editor", "Unity.2D.Sprite.Editor.csproj", "{5dcfb018-76b8-c41c-2716-b7c8ad623bb0}"
EndProject
Project("{FAE04EC0-301F-11D3-BF4B-00C04F79EFBC}") = "UnityEditor.UI", "UnityEditor.UI.csproj", "{52d8abf2-1eba-df60-c6e1-b5f1e00804d0}"
EndProject
Project("{FAE04EC0-301F-11D3-BF4B-00C04F79EFBC}") = "Unity.Rider.Editor", "Unity.Rider.Editor.csproj", "{0e6882fc-9a77-f3d2-f27c-1988d4ee12f2}"
EndProject
Project("{FAE04EC0-301F-11D3-BF4B-00C04F79EFBC}") = "Unity.2D.Tilemap.Editor", "Unity.2D.Tilemap.Editor.csproj", "{9f4763a4-c1ef-f4bd-57c8-bb4356249a86}"
EndProject
Project("{FAE04EC0-301F-11D3-BF4B-00C04F79EFBC}") = "Unity.2D.SpriteShape.Editor", "Unity.2D.SpriteShape.Editor.csproj", "{512c6dad-6c84-82c4-8bce-ce079264c2cb}"
EndProject
Project("{FAE04EC0-301F-11D3-BF4B-00C04F79EFBC}") = "PsdPlugin", "PsdPlugin.csproj", "{9f8d1557-69a4-489f-f847-03eedea94694}"
EndProject
Project("{FAE04EC0-301F-11D3-BF4B-00C04F79EFBC}") = "Unity.CollabProxy.Editor", "Unity.CollabProxy.Editor.csproj", "{0628db11-3f8e-c098-982c-c4c8f4368487}"
EndProject
Project("{FAE04EC0-301F-11D3-BF4B-00C04F79EFBC}") = "Unity.2D.Common.Editor", "Unity.2D.Common.Editor.csproj", "{563c9edd-f2b1-a75f-7f30-ddd3c0c8307d}"
EndProject
Project("{FAE04EC0-301F-11D3-BF4B-00C04F79EFBC}") = "Unity.VSCode.Editor", "Unity.VSCode.Editor.csproj", "{fbedc1d0-1a56-6834-ba42-c6beacf9f94c}"
EndProject
Project("{FAE04EC0-301F-11D3-BF4B-00C04F79EFBC}") = "Unity.2D.Psdimporter.Editor", "Unity.2D.Psdimporter.Editor.csproj", "{0af1a379-6368-bfa7-73a1-ea496a6fee03}"
EndProject
Project("{FAE04EC0-301F-11D3-BF4B-00C04F79EFBC}") = "Unity.2D.PixelPerfect.Editor", "Unity.2D.PixelPerfect.Editor.csproj", "{3466015f-2af6-730b-8c12-f8c7e587530e}"
EndProject
Project("{FAE04EC0-301F-11D3-BF4B-00C04F79EFBC}") = "Unity.Mathematics.Editor", "Unity.Mathematics.Editor.csproj", "{76b65a5e-ffc2-57fc-83a6-9a014aa9e58d}"
EndProject
Project("{FAE04EC0-301F-11D3-BF4B-00C04F79EFBC}") = "Unity.InternalAPIEditorBridge.001", "Unity.InternalAPIEditorBridge.001.csproj", "{7333bf30-4a1d-ae7a-03a7-2e78078d61c7}"
EndProject
Project("{FAE04EC0-301F-11D3-BF4B-00C04F79EFBC}") = "com.unity.cinemachine.editor", "com.unity.cinemachine.editor.csproj", "{2ea05b5e-e492-c566-ae45-1b301d11397a}"
EndProject
Global
	GlobalSection(SolutionConfigurationPlatforms) = preSolution
		Debug|Any CPU = Debug|Any CPU
	EndGlobalSection
	GlobalSection(ProjectConfigurationPlatforms) = postSolution
		{5a7aac84-c194-98e0-b6bb-8c223a183ef8}.Debug|Any CPU.ActiveCfg = Debug|Any CPU
		{5a7aac84-c194-98e0-b6bb-8c223a183ef8}.Debug|Any CPU.Build.0 = Debug|Any CPU
		{64742690-9e8b-8a5b-e382-371d0c1ca39a}.Debug|Any CPU.ActiveCfg = Debug|Any CPU
		{64742690-9e8b-8a5b-e382-371d0c1ca39a}.Debug|Any CPU.Build.0 = Debug|Any CPU
		{aeec8671-80a0-7e4d-1e4c-2ff0a4087efc}.Debug|Any CPU.ActiveCfg = Debug|Any CPU
		{aeec8671-80a0-7e4d-1e4c-2ff0a4087efc}.Debug|Any CPU.Build.0 = Debug|Any CPU
		{2ed177eb-d0ba-691c-f90b-f7065b7de071}.Debug|Any CPU.ActiveCfg = Debug|Any CPU
		{2ed177eb-d0ba-691c-f90b-f7065b7de071}.Debug|Any CPU.Build.0 = Debug|Any CPU
		{bba4f223-25ba-9b5e-0ea1-6afa9df27ce4}.Debug|Any CPU.ActiveCfg = Debug|Any CPU
		{bba4f223-25ba-9b5e-0ea1-6afa9df27ce4}.Debug|Any CPU.Build.0 = Debug|Any CPU
		{3c2aded4-1fed-59c5-629b-ee6a9e69b4c7}.Debug|Any CPU.ActiveCfg = Debug|Any CPU
		{3c2aded4-1fed-59c5-629b-ee6a9e69b4c7}.Debug|Any CPU.Build.0 = Debug|Any CPU
		{fa3de0ab-764b-52bb-6057-3d85f69c8700}.Debug|Any CPU.ActiveCfg = Debug|Any CPU
		{fa3de0ab-764b-52bb-6057-3d85f69c8700}.Debug|Any CPU.Build.0 = Debug|Any CPU
		{0fe40946-576e-269d-a877-e5a8cee037cf}.Debug|Any CPU.ActiveCfg = Debug|Any CPU
		{0fe40946-576e-269d-a877-e5a8cee037cf}.Debug|Any CPU.Build.0 = Debug|Any CPU
		{e42d41b3-9621-8455-0bc4-ab978384b273}.Debug|Any CPU.ActiveCfg = Debug|Any CPU
		{e42d41b3-9621-8455-0bc4-ab978384b273}.Debug|Any CPU.Build.0 = Debug|Any CPU
		{da3ace39-9647-2d60-ded7-1953238e08dd}.Debug|Any CPU.ActiveCfg = Debug|Any CPU
		{da3ace39-9647-2d60-ded7-1953238e08dd}.Debug|Any CPU.Build.0 = Debug|Any CPU
		{d5e41334-4ae2-1747-ef07-3d52ae871617}.Debug|Any CPU.ActiveCfg = Debug|Any CPU
		{d5e41334-4ae2-1747-ef07-3d52ae871617}.Debug|Any CPU.Build.0 = Debug|Any CPU
		{1e9f8f10-4515-e49b-140d-13091d618c83}.Debug|Any CPU.ActiveCfg = Debug|Any CPU
		{1e9f8f10-4515-e49b-140d-13091d618c83}.Debug|Any CPU.Build.0 = Debug|Any CPU
		{b12db45b-f686-5b1d-0398-c73c196d6aca}.Debug|Any CPU.ActiveCfg = Debug|Any CPU
		{b12db45b-f686-5b1d-0398-c73c196d6aca}.Debug|Any CPU.Build.0 = Debug|Any CPU
		{30e1ed4e-2b2c-8ab8-103a-b07be116b115}.Debug|Any CPU.ActiveCfg = Debug|Any CPU
		{30e1ed4e-2b2c-8ab8-103a-b07be116b115}.Debug|Any CPU.Build.0 = Debug|Any CPU
		{302c2fcc-86f0-f8f2-8d63-0f4565d768ac}.Debug|Any CPU.ActiveCfg = Debug|Any CPU
		{302c2fcc-86f0-f8f2-8d63-0f4565d768ac}.Debug|Any CPU.Build.0 = Debug|Any CPU
		{07cd5e7e-458e-cea6-fe40-4774e574233b}.Debug|Any CPU.ActiveCfg = Debug|Any CPU
		{07cd5e7e-458e-cea6-fe40-4774e574233b}.Debug|Any CPU.Build.0 = Debug|Any CPU
		{edc86981-3315-c37b-7786-25a651312b95}.Debug|Any CPU.ActiveCfg = Debug|Any CPU
		{edc86981-3315-c37b-7786-25a651312b95}.Debug|Any CPU.Build.0 = Debug|Any CPU
		{e8d1bf40-e033-64a5-90b5-e329c5213075}.Debug|Any CPU.ActiveCfg = Debug|Any CPU
		{e8d1bf40-e033-64a5-90b5-e329c5213075}.Debug|Any CPU.Build.0 = Debug|Any CPU
		{5dcfb018-76b8-c41c-2716-b7c8ad623bb0}.Debug|Any CPU.ActiveCfg = Debug|Any CPU
		{5dcfb018-76b8-c41c-2716-b7c8ad623bb0}.Debug|Any CPU.Build.0 = Debug|Any CPU
		{52d8abf2-1eba-df60-c6e1-b5f1e00804d0}.Debug|Any CPU.ActiveCfg = Debug|Any CPU
		{52d8abf2-1eba-df60-c6e1-b5f1e00804d0}.Debug|Any CPU.Build.0 = Debug|Any CPU
		{0e6882fc-9a77-f3d2-f27c-1988d4ee12f2}.Debug|Any CPU.ActiveCfg = Debug|Any CPU
		{0e6882fc-9a77-f3d2-f27c-1988d4ee12f2}.Debug|Any CPU.Build.0 = Debug|Any CPU
		{9f4763a4-c1ef-f4bd-57c8-bb4356249a86}.Debug|Any CPU.ActiveCfg = Debug|Any CPU
		{9f4763a4-c1ef-f4bd-57c8-bb4356249a86}.Debug|Any CPU.Build.0 = Debug|Any CPU
		{512c6dad-6c84-82c4-8bce-ce079264c2cb}.Debug|Any CPU.ActiveCfg = Debug|Any CPU
		{512c6dad-6c84-82c4-8bce-ce079264c2cb}.Debug|Any CPU.Build.0 = Debug|Any CPU
		{9f8d1557-69a4-489f-f847-03eedea94694}.Debug|Any CPU.ActiveCfg = Debug|Any CPU
		{9f8d1557-69a4-489f-f847-03eedea94694}.Debug|Any CPU.Build.0 = Debug|Any CPU
		{0628db11-3f8e-c098-982c-c4c8f4368487}.Debug|Any CPU.ActiveCfg = Debug|Any CPU
		{0628db11-3f8e-c098-982c-c4c8f4368487}.Debug|Any CPU.Build.0 = Debug|Any CPU
		{563c9edd-f2b1-a75f-7f30-ddd3c0c8307d}.Debug|Any CPU.ActiveCfg = Debug|Any CPU
		{563c9edd-f2b1-a75f-7f30-ddd3c0c8307d}.Debug|Any CPU.Build.0 = Debug|Any CPU
		{fbedc1d0-1a56-6834-ba42-c6beacf9f94c}.Debug|Any CPU.ActiveCfg = Debug|Any CPU
		{fbedc1d0-1a56-6834-ba42-c6beacf9f94c}.Debug|Any CPU.Build.0 = Debug|Any CPU
		{0af1a379-6368-bfa7-73a1-ea496a6fee03}.Debug|Any CPU.ActiveCfg = Debug|Any CPU
		{0af1a379-6368-bfa7-73a1-ea496a6fee03}.Debug|Any CPU.Build.0 = Debug|Any CPU
		{3466015f-2af6-730b-8c12-f8c7e587530e}.Debug|Any CPU.ActiveCfg = Debug|Any CPU
		{3466015f-2af6-730b-8c12-f8c7e587530e}.Debug|Any CPU.Build.0 = Debug|Any CPU
		{76b65a5e-ffc2-57fc-83a6-9a014aa9e58d}.Debug|Any CPU.ActiveCfg = Debug|Any CPU
		{76b65a5e-ffc2-57fc-83a6-9a014aa9e58d}.Debug|Any CPU.Build.0 = Debug|Any CPU
		{7333bf30-4a1d-ae7a-03a7-2e78078d61c7}.Debug|Any CPU.ActiveCfg = Debug|Any CPU
		{7333bf30-4a1d-ae7a-03a7-2e78078d61c7}.Debug|Any CPU.Build.0 = Debug|Any CPU
		{2ea05b5e-e492-c566-ae45-1b301d11397a}.Debug|Any CPU.ActiveCfg = Debug|Any CPU
		{2ea05b5e-e492-c566-ae45-1b301d11397a}.Debug|Any CPU.Build.0 = Debug|Any CPU
	EndGlobalSection
	GlobalSection(SolutionProperties) = preSolution
		HideSolutionNode = FALSE
	EndGlobalSection
EndGlobal
